
Microsoft Visual Studio Solution File, Format Version 12.00
# Visual Studio Version 17
VisualStudioVersion = 17.7.34202.233
MinimumVisualStudioVersion = 10.0.40219.1
Project("{FAE04EC0-301F-11D3-BF4B-00C04F79EFBC}") = "MY_API", "MY_API\MY_API.csproj", "{F3219D90-58C9-4F05-A244-F28DDF844497}"
EndProject
Global
	GlobalSection(SolutionConfigurationPlatforms) = preSolution
		Debug|Any CPU = Debug|Any CPU
		Release|Any CPU = Release|Any CPU
	EndGlobalSection
	GlobalSection(ProjectConfigurationPlatforms) = postSolution
		{F3219D90-58C9-4F05-A244-F28DDF844497}.Debug|Any CPU.ActiveCfg = Debug|Any CPU
		{F3219D90-58C9-4F05-A244-F28DDF844497}.Debug|Any CPU.Build.0 = Debug|Any CPU
		{F3219D90-58C9-4F05-A244-F28DDF844497}.Release|Any CPU.ActiveCfg = Release|Any CPU
		{F3219D90-58C9-4F05-A244-F28DDF844497}.Release|Any CPU.Build.0 = Release|Any CPU
	EndGlobalSection
	GlobalSection(SolutionProperties) = preSolution
		HideSolutionNode = FALSE
	EndGlobalSection
	GlobalSection(ExtensibilityGlobals) = postSolution
		SolutionGuid = {28166271-BC6D-4BAC-B27D-1F5C1E481B82}
	EndGlobalSection
EndGlobal
